
Microsoft Visual Studio Solution File, Format Version 12.00
# Visual Studio Version 16
VisualStudioVersion = 16.0.29306.81
MinimumVisualStudioVersion = 10.0.40219.1
Project("{FAE04EC0-301F-11D3-BF4B-00C04F79EFBC}") = "Bot", "src\Bot.csproj", "{8CC867BF-9384-41B8-B7DC-17B82E790DC1}"
EndProject
Project("{9A19103F-16F7-4668-BE54-9A1E7A4F7556}") = "WebApplication", "WebApplication\WebApplication.csproj", "{0D1A5CC1-C7B0-4B34-B6C2-AA2C80403CB5}"
EndProject
Global
	GlobalSection(SolutionConfigurationPlatforms) = preSolution
		Debug|Any CPU = Debug|Any CPU
		Release|Any CPU = Release|Any CPU
	EndGlobalSection
	GlobalSection(ProjectConfigurationPlatforms) = postSolution
		{8CC867BF-9384-41B8-B7DC-17B82E790DC1}.Debug|Any CPU.ActiveCfg = Debug|Any CPU
		{8CC867BF-9384-41B8-B7DC-17B82E790DC1}.Debug|Any CPU.Build.0 = Debug|Any CPU
		{8CC867BF-9384-41B8-B7DC-17B82E790DC1}.Release|Any CPU.ActiveCfg = Release|Any CPU
		{8CC867BF-9384-41B8-B7DC-17B82E790DC1}.Release|Any CPU.Build.0 = Release|Any CPU
		{0D1A5CC1-C7B0-4B34-B6C2-AA2C80403CB5}.Debug|Any CPU.ActiveCfg = Debug|Any CPU
		{0D1A5CC1-C7B0-4B34-B6C2-AA2C80403CB5}.Debug|Any CPU.Build.0 = Debug|Any CPU
		{0D1A5CC1-C7B0-4B34-B6C2-AA2C80403CB5}.Release|Any CPU.ActiveCfg = Release|Any CPU
		{0D1A5CC1-C7B0-4B34-B6C2-AA2C80403CB5}.Release|Any CPU.Build.0 = Release|Any CPU
	EndGlobalSection
	GlobalSection(SolutionProperties) = preSolution
		HideSolutionNode = FALSE
	EndGlobalSection
	GlobalSection(ExtensibilityGlobals) = postSolution
		SolutionGuid = {D1D1D540-7939-473D-B29D-66BCAA043919}
	EndGlobalSection
EndGlobal
